
Microsoft Visual Studio Solution File, Format Version 12.00
# Visual Studio Version 16
VisualStudioVersion = 16.0.28803.352
MinimumVisualStudioVersion = 10.0.40219.1
Project("{FAE04EC0-301F-11D3-BF4B-00C04F79EFBC}") = "SimpleNotepad", "SimpleNotepad\SimpleNotepad.csproj", "{EF918E62-CD40-4972-B5A0-C249357ECBDA}"
EndProject
Global
	GlobalSection(SolutionConfigurationPlatforms) = preSolution
		Debug|Any CPU = Debug|Any CPU
		Release|Any CPU = Release|Any CPU
	EndGlobalSection
	GlobalSection(ProjectConfigurationPlatforms) = postSolution
		{EF918E62-CD40-4972-B5A0-C249357ECBDA}.Debug|Any CPU.ActiveCfg = Debug|Any CPU
		{EF918E62-CD40-4972-B5A0-C249357ECBDA}.Debug|Any CPU.Build.0 = Debug|Any CPU
		{EF918E62-CD40-4972-B5A0-C249357ECBDA}.Release|Any CPU.ActiveCfg = Release|Any CPU
		{EF918E62-CD40-4972-B5A0-C249357ECBDA}.Release|Any CPU.Build.0 = Release|Any CPU
	EndGlobalSection
	GlobalSection(SolutionProperties) = preSolution
		HideSolutionNode = FALSE
	EndGlobalSection
	GlobalSection(ExtensibilityGlobals) = postSolution
		SolutionGuid = {E74A6D3E-DD27-4579-B371-D3672DCB1E96}
	EndGlobalSection
EndGlobal
